# Resolved and tested on Python 3.12 / Linux amd64, 2026-09-05.
# Local sic-advisor-core is installed separately from packages/advisor_core.
alembic==1.19.2
annotated-doc==0.0.5
annotated-types==0.8.0
anyio==4.15.1
click==8.5.0
fastapi==0.141.1
greenlet==3.5.5
h11==0.16.0
idna==3.19
Mako==1.4.1
MarkupSafe==3.0.3
psycopg==3.3.5
psycopg-binary==3.3.5
pydantic==2.13.5
pydantic_core==2.46.5
SQLAlchemy==2.0.52
starlette==1.6.0
typing-inspection==0.4.4
typing_extensions==4.16.0
uvicorn==0.52.4
PyJWT==2.13.0
httpx==0.28.1
httpcore==1.0.9
certifi==2026.2.25
python-multipart==0.0.31
pypdf==6.16.1
python-docx==1.2.0
lxml==6.1.0
attrs==25.4.0
jsonschema==4.26.0
jsonschema-specifications==2025.9.1
referencing==0.37.0
rpds-py==2026.6.3
joblib==1.5.2
numpy==2.3.5
pandas==2.3.3
scikit-learn==1.7.2
scipy==1.16.3
